
Microsoft Visual Studio Solution File, Format Version 12.00
# Visual Studio Version 17
VisualStudioVersion = 17.9.34902.65
MinimumVisualStudioVersion = 10.0.40219.1
Project("{FAE04EC0-301F-11D3-BF4B-00C04F79EFBC}") = "CSPractice1", "CSPractice1\CSPractice1.csproj", "{DACF6F72-FAF9-4686-BE58-391A042CC7E7}"
EndProject
Global
	GlobalSection(SolutionConfigurationPlatforms) = preSolution
		Debug|Any CPU = Debug|Any CPU
		Release|Any CPU = Release|Any CPU
	EndGlobalSection
	GlobalSection(ProjectConfigurationPlatforms) = postSolution
		{DACF6F72-FAF9-4686-BE58-391A042CC7E7}.Debug|Any CPU.ActiveCfg = Debug|Any CPU
		{DACF6F72-FAF9-4686-BE58-391A042CC7E7}.Debug|Any CPU.Build.0 = Debug|Any CPU
		{DACF6F72-FAF9-4686-BE58-391A042CC7E7}.Release|Any CPU.ActiveCfg = Release|Any CPU
		{DACF6F72-FAF9-4686-BE58-391A042CC7E7}.Release|Any CPU.Build.0 = Release|Any CPU
	EndGlobalSection
	GlobalSection(SolutionProperties) = preSolution
		HideSolutionNode = FALSE
	EndGlobalSection
	GlobalSection(ExtensibilityGlobals) = postSolution
		SolutionGuid = {A1B3DBEC-3F11-4775-AB6F-13D683510D6B}
	EndGlobalSection
EndGlobal
